version = 1
revision = 3
requires-python = ">=3.12"

[[package]]
name = "networkx"
version = "3.6.1"
source = { registry = "https://pypi.org/simple" }
sdist = { url = "https://files.pythonhosted.org/packages/6a/51/63fe664f3908c97be9d2e4f1158eb633317598cfa6e1fc14af5383f17512/networkx-3.6.1.tar.gz", hash = "sha256:26b7c357accc0c8cde558ad486283728b65b6a95d85ee1cd66bafab4c8168509", size = 2517025, upload-time = "2025-12-08T17:02:39.908Z" }
wheels = [
    { url = "https://files.pythonhosted.org/packages/9e/c9/b2622292ea83fbb4ec318f5b9ab867d0a28ab43c5717bb85b0a5f6b3b0a4/networkx-3.6.1-py3-none-any.whl", hash = "sha256:d47fbf302e7d9cbbb9e2555a0d267983d2aa476bac30e90dfbe5669bd57f3762", size = 2068504, upload-time = "2025-12-08T17:02:38.159Z" },
]

[[package]]
name = "python-sat"
version = "1.9.dev7"
source = { registry = "https://pypi.org/simple" }
dependencies = [
    { name = "six" },
]
sdist = { url = "https://files.pythonhosted.org/packages/56/f4/bb0fa99154c332dbbfd25faec8b1bb82416916669c62ac223919718d240a/python_sat-1.9.dev7.tar.gz", hash = "sha256:506fa8e0cffa8fc0083128d5791f6b8ebb9a3a42bbf937baa0c80abd5c1a3c30", size = 6035116, upload-time = "2026-07-19T15:59:46.494Z" }
wheels = [
    { url = "https://files.pythonhosted.org/packages/24/a9/197a54efff428e01b7d3742f17d81b63912c212a0abe5b91db2d0713d7b6/python_sat-1.9.dev7-cp312-cp312-macosx_10_13_x86_64.whl", hash = "sha256:3f5731898899e3a73a65b5e208c1fd03068c5a2caa347d0ce2c0b5ed23ae3d96", size = 2571580, upload-time = "2026-07-19T15:58:48.456Z" },
    { url = "https://files.pythonhosted.org/packages/2a/a4/b39d7b5009ea373ad3f2ff1fe9c7d90e9918b806b4e5ed74222fd95e840c/python_sat-1.9.dev7-cp312-cp312-macosx_11_0_arm64.whl", hash = "sha256:712d8b010095b4380bdf895c2d6499846661103c3fbe395d102dc1f302840062", size = 2358707, upload-time = "2026-07-19T15:58:50.056Z" },
    { url = "https://files.pythonhosted.org/packages/a4/96/5bb8b72fcf3ae82d8c287649dad90a432ccd811b0e39aa362be8cac8aafd/python_sat-1.9.dev7-cp312-cp312-manylinux_2_24_aarch64.manylinux_2_28_aarch64.whl", hash = "sha256:99b324f3908c9dcb5b183c72265a85615fe0ace758bab53508f67a2aff785149", size = 3798074, upload-time = "2026-07-19T15:58:51.613Z" },
    { url = "https://files.pythonhosted.org/packages/f9/b5/8dedec61634d51de25e5929241eb23feb3a259ab4b3d3b2b350f3d891b25/python_sat-1.9.dev7-cp312-cp312-manylinux_2_24_x86_64.manylinux_2_28_x86_64.whl", hash = "sha256:4faacc1388a371f6629898b522b238964778d0192e5effd2d5654e67da25d997", size = 3940468, upload-time = "2026-07-19T15:58:53.687Z" },
    { url = "https://files.pythonhosted.org/packages/23/82/ed3e69078aa7754bdc4cabb054d59c1a067a950c255c2d2682dce87a5b36/python_sat-1.9.dev7-cp312-cp312-musllinux_1_2_aarch64.whl", hash = "sha256:fe4c980603ccb19b22f5324d316f2c5170fc3effa5b1c8f2871d35e4a543e547", size = 4778757, upload-time = "2026-07-19T15:58:55.397Z" },
    { url = "https://files.pythonhosted.org/packages/d1/80/4d7a80957a1ecfde6ceaac905d46aa7521d74088d330ef81d2f412b94360/python_sat-1.9.dev7-cp312-cp312-musllinux_1_2_x86_64.whl", hash = "sha256:a5a5e0513c518149024bf7b60ac287e2ed4e6a6700d5d4147eb33f45204789b5", size = 4950642, upload-time = "2026-07-19T15:58:57.018Z" },
    { url = "https://files.pythonhosted.org/packages/00/f7/cd57c544ff5510e627ceb4393797f6e6db1b541021c97870f2b962d2137e/python_sat-1.9.dev7-cp312-cp312-win_amd64.whl", hash = "sha256:a39c505c52434a4443b1924bb3b36f5e639ff3a84d3de58df9f7ea236498bad8", size = 1913845, upload-time = "2026-07-19T16:28:54.56Z" },
    { url = "https://files.pythonhosted.org/packages/ce/2f/a373bda76028ca7e6e5d6b7736790a8b5091c753c939104cc20dbb2a31ea/python_sat-1.9.dev7-cp313-cp313-macosx_10_13_x86_64.whl", hash = "sha256:70264b5dbe72aa4ceadbdd81cc7c3ac46f9184036bfc81a5b11b7ffc86ccdf02", size = 2571579, upload-time = "2026-07-19T15:58:58.819Z" },
    { url = "https://files.pythonhosted.org/packages/20/d0/3569046e444d1c59c4d38ae5296db0ecf8e29a76ab162c3d7280454a0958/python_sat-1.9.dev7-cp313-cp313-macosx_11_0_arm64.whl", hash = "sha256:a15a296e29b64265d2c5fc9df4f851c884f8e3f2541687897530ecb3431de31d", size = 2358678, upload-time = "2026-07-19T15:59:00.497Z" },
    { url = "https://files.pythonhosted.org/packages/4e/b2/b931f2ad04350c2f78b4ecab8cdf554841065d72a73bc21095b2649d851e/python_sat-1.9.dev7-cp313-cp313-manylinux_2_24_aarch64.manylinux_2_28_aarch64.whl", hash = "sha256:7ff68757c61a7698d72037de39a50b77522dc270dbba7b91a249af345d5c38a0", size = 3797958, upload-time = "2026-07-19T15:59:02.058Z" },
    { url = "https://files.pythonhosted.org/packages/8b/b3/9de12f80ea5728675d207eae2cbe3b7430ef11d00502fc687b2cc4c47e73/python_sat-1.9.dev7-cp313-cp313-manylinux_2_24_x86_64.manylinux_2_28_x86_64.whl", hash = "sha256:c235f2bbafda748d4db7c036bec91d6124e67d7fd5497849bc337217bdf5ff19", size = 3940277, upload-time = "2026-07-19T15:59:03.613Z" },
    { url = "https://files.pythonhosted.org/packages/c3/00/d3ebfffb0a196a39580cb2676d626cfc0c4a033bdfc61ee3a46351438c42/python_sat-1.9.dev7-cp313-cp313-musllinux_1_2_aarch64.whl", hash = "sha256:c5de2ceb987ac466cd7de599dc795d599f99c41f3b52ac68cafcfae3fdf6b0c9", size = 4778764, upload-time = "2026-07-19T15:59:05.32Z" },
    { url = "https://files.pythonhosted.org/packages/31/6f/9448de0c919d6b2f1c43ecf809ea40f72eafb0bc8b53cd50805badd4f0e6/python_sat-1.9.dev7-cp313-cp313-musllinux_1_2_x86_64.whl", hash = "sha256:df69270f5a9bc69fe010a039493e889803543d2c26aea20125aef5502ee5466d", size = 4950906, upload-time = "2026-07-19T15:59:07.304Z" },
    { url = "https://files.pythonhosted.org/packages/7d/ac/7f7da56fca81e72bb1f9e07f2476daf70248794486dc9442afed25cf7eb3/python_sat-1.9.dev7-cp313-cp313-pyemscripten_2025_0_wasm32.whl", hash = "sha256:c57b6597645e742169dc48ea005ab0eb73440c5d22bef758d126d635e5f36af4", size = 1142471, upload-time = "2026-07-19T15:59:09.155Z" },
    { url = "https://files.pythonhosted.org/packages/38/84/8f7b6ed0087e1d3cb166abaf42375e938f6ba472a718153c4240f90aa850/python_sat-1.9.dev7-cp313-cp313-win_amd64.whl", hash = "sha256:f18e1f64e563ee60403599c7bef45c507029e4dd6bf2329263f35d3980593033", size = 1913873, upload-time = "2026-07-19T16:28:58.982Z" },
    { url = "https://files.pythonhosted.org/packages/1d/9e/214dbadabcb461ca5d82debfadd8e97ce937964effc9034f9b645f08a98b/python_sat-1.9.dev7-cp314-cp314-macosx_10_15_x86_64.whl", hash = "sha256:56dad209fa1dccd9a872b2f73bd9fd46823afe54428abaa916531396a2db7b57", size = 2572016, upload-time = "2026-07-19T15:59:11.066Z" },
    { url = "https://files.pythonhosted.org/packages/37/ed/e8c27b92f6aa94ee44c039da7e5b75254e453505d457c7ebf02cb50ad4b8/python_sat-1.9.dev7-cp314-cp314-macosx_11_0_arm64.whl", hash = "sha256:ba393aa800afe098ebc0e4c7e58a5b1d98a9e207fe0f20b056c373b852f1c55a", size = 2359008, upload-time = "2026-07-19T15:59:12.807Z" },
    { url = "https://files.pythonhosted.org/packages/4c/d9/70e85539f364b13a03809a60331226db3c32cf71c57903c11d9fdb9600ad/python_sat-1.9.dev7-cp314-cp314-manylinux_2_24_aarch64.manylinux_2_28_aarch64.whl", hash = "sha256:7998df91990ee424c61b77bfb890eed7a5f5c06c70a62d9f76a16e028f4f43b6", size = 3798235, upload-time = "2026-07-19T15:59:14.565Z" },
    { url = "https://files.pythonhosted.org/packages/58/48/9347b04da032c1bd55529e68b9a67c0efe7f146939c39399b937c293eeaf/python_sat-1.9.dev7-cp314-cp314-manylinux_2_24_x86_64.manylinux_2_28_x86_64.whl", hash = "sha256:36c7c434081ab147702bdbff1ed0b8d94d144ad9c290a0239522f99879236e97", size = 3940249, upload-time = "2026-07-19T15:59:16.518Z" },
    { url = "https://files.pythonhosted.org/packages/53/fe/34485058e8881e65adaa4c68a23882ad7fbbb587f15abf1013da69fe7239/python_sat-1.9.dev7-cp314-cp314-musllinux_1_2_aarch64.whl", hash = "sha256:8baabb5a9d876857b62043c624f8c2ca451c97cee750b0b365ea1f4c34745ceb", size = 4779406, upload-time = "2026-07-19T15:59:18.744Z" },
    { url = "https://files.pythonhosted.org/packages/d5/10/de273c08f1402e7ee355010d4c376b1d91caf9878f409e256dbdc9101ece/python_sat-1.9.dev7-cp314-cp314-musllinux_1_2_x86_64.whl", hash = "sha256:1f73175b9dcb46ecb40ec05a0b6e0dd0dcc2ee9e9a19e094ea4c47dd573f2bae", size = 4950142, upload-time = "2026-07-19T15:59:20.75Z" },
    { url = "https://files.pythonhosted.org/packages/ff/94/4abe0f02f44b88efa900aaaa68f93a990482eb4ee39fb1e0f7b57b606158/python_sat-1.9.dev7-cp314-cp314-pyemscripten_2026_0_wasm32.whl", hash = "sha256:531f6ebd937abc3598bcf7d721fd97f7e8d6f5b3b66835f986e5af5ff8ae90e3", size = 1140550, upload-time = "2026-07-19T15:59:22.418Z" },
    { url = "https://files.pythonhosted.org/packages/fb/8b/474ac0f19ea0bfbb350ae25502fb1b14962feae0d53912ab2187dca9e423/python_sat-1.9.dev7-cp314-cp314-win_amd64.whl", hash = "sha256:bf5179b8681234748fe7fe4866e74312111c7a4390de9b381bc697aff283fb1d", size = 1958794, upload-time = "2026-07-19T16:29:03.161Z" },
    { url = "https://files.pythonhosted.org/packages/21/86/0cad08ad3a3e740aba3aa60a84b98df86bbd73f4ec6760fa97decbe99338/python_sat-1.9.dev7-cp314-cp314t-macosx_10_15_x86_64.whl", hash = "sha256:649b4679b522ba264955097cfa73b10fdcc73fac5ef34c5281cc339d04031538", size = 2575877, upload-time = "2026-07-19T15:59:24.291Z" },
    { url = "https://files.pythonhosted.org/packages/05/4c/3317cb8a77aed0c705d971715564d7218dba8be8ad995d229874c29a9190/python_sat-1.9.dev7-cp314-cp314t-macosx_11_0_arm64.whl", hash = "sha256:8b5fdf33c9bded8eb74eeb746c31ae5bf6de75d1d966b3161689bd82453fd025", size = 2363824, upload-time = "2026-07-19T15:59:25.898Z" },
    { url = "https://files.pythonhosted.org/packages/ce/86/4b0b1b009570e82df7f00d6e25b22841c5c4be78269429d260e484dc1c38/python_sat-1.9.dev7-cp314-cp314t-manylinux_2_24_aarch64.manylinux_2_28_aarch64.whl", hash = "sha256:659b18bd5e8fa10f46c1d6b3f2d27d2747917ebeb3691c55e90adc42723de12b", size = 3866772, upload-time = "2026-07-19T15:59:27.608Z" },
    { url = "https://files.pythonhosted.org/packages/cc/fa/37b30ebdc04413e8e8dc6a365ad920452825fb72ff6950963ced3c212691/python_sat-1.9.dev7-cp314-cp314t-manylinux_2_24_x86_64.manylinux_2_28_x86_64.whl", hash = "sha256:4e0bb3b77eebffb7b97b1dc3dbfc492d1939e9d0df55b044ce75f999b9c9b04a", size = 3997797, upload-time = "2026-07-19T15:59:29.408Z" },
    { url = "https://files.pythonhosted.org/packages/8c/f8/cfcd59adab9495bccdfbd54732daf59e8754ec8126673e79d1851bdc4fd7/python_sat-1.9.dev7-cp314-cp314t-musllinux_1_2_aarch64.whl", hash = "sha256:ddaeb0364af4abc6139192bda2a6db2f9cccf2b1bfab48676fb2ee495f2358f7", size = 4837254, upload-time = "2026-07-19T15:59:31.372Z" },
    { url = "https://files.pythonhosted.org/packages/8f/9a/fa5e21838aed3dd52de1c3d9f3bb9facffd88ad7b595a1ba16a4e0feaed7/python_sat-1.9.dev7-cp314-cp314t-musllinux_1_2_x86_64.whl", hash = "sha256:6d6f8378bfa1f90ce9f1642d31947315a7b0bbc3d83774a8695884755b86232c", size = 5002491, upload-time = "2026-07-19T15:59:33.352Z" },
]

[[package]]
name = "six"
version = "1.17.0"
source = { registry = "https://pypi.org/simple" }
sdist = { url = "https://files.pythonhosted.org/packages/94/e7/b2c673351809dca68a0e064b6af791aa332cf192da575fd474ed7d6f16a2/six-1.17.0.tar.gz", hash = "sha256:ff70335d468e7eb6ec65b95b99d3a2836546063f63acc5171de367e834932a81", size = 34031, upload-time = "2024-12-04T17:35:28.174Z" }
wheels = [
    { url = "https://files.pythonhosted.org/packages/b7/ce/149a00dd41f10bc29e5921b496af8b574d8413afcd5e30dfa0ed46c2cc5e/six-1.17.0-py2.py3-none-any.whl", hash = "sha256:4721f391ed90541fddacab5acf947aa0d3dc7d27b2e1e8eda2be8970586c3274", size = 11050, upload-time = "2024-12-04T17:35:26.475Z" },
]

[[package]]
name = "structural-graph-lab"
version = "0.2.0"
source = { editable = "." }

[package.optional-dependencies]
reference = [
    { name = "networkx" },
]
sat = [
    { name = "python-sat" },
]

[package.metadata]
requires-dist = [
    { name = "networkx", marker = "extra == 'reference'", specifier = ">=3.4" },
    { name = "python-sat", marker = "extra == 'sat'" },
]
provides-extras = ["sat", "reference", "dev"]
